// !$*UTF8*$!
{
	archiveVersion = 1;
	classes = {
	};
	objectVersion = 48;
	objects = {

/* Begin PBXBuildFile section */
		7F4869722028EA9600ACF513 /* AppDelegate.swift in Sources */ = {isa = PBXBuildFile; fileRef = 7F4869712028EA9600ACF513 /* AppDelegate.swift */; };
		7F4869742028EA9600ACF513 /* ViewController.swift in Sources */ = {isa = PBXBuildFile; fileRef = 7F4869732028EA9600ACF513 /* ViewController.swift */; };
		7F4869772028EA9600ACF513 /* Main.storyboard in Resources */ = {isa = PBXBuildFile; fileRef = 7F4869752028EA9600ACF513 /* Main.storyboard */; };
		7F4869792028EA9600ACF513 /* Assets.xcassets in Resources */ = {isa = PBXBuildFile; fileRef = 7F4869782028EA9600ACF513 /* Assets.xcassets */; };
		7F48697C2028EA9600ACF513 /* LaunchScreen.storyboard in Resources */ = {isa = PBXBuildFile; fileRef = 7F48697A2028EA9600ACF513 /* LaunchScreen.storyboard */; };
		7F4869872028EA9600ACF513 /* Hackwich__3Tests.swift in Sources */ = {isa = PBXBuildFile; fileRef = 7F4869862028EA9600ACF513 /* Hackwich__3Tests.swift */; };
		7F4869922028EA9700ACF513 /* Hackwich__3UITests.swift in Sources */ = {isa = PBXBuildFile; fileRef = 7F4869912028EA9700ACF513 /* Hackwich__3UITests.swift */; };
		7F4869A02028F22200ACF513 /* ViewControllerTwo.swift in Sources */ = {isa = PBXBuildFile; fileRef = 7F48699F2028F22200ACF513 /* ViewControllerTwo.swift */; };
/* End PBXBuildFile section */

/* Begin PBXContainerItemProxy section */
		7F4869832028EA9600ACF513 /* PBXContainerItemProxy */ = {
			isa = PBXContainerItemProxy;
			containerPortal = 7F4869662028EA9600ACF513 /* Project object */;
			proxyType = 1;
			remoteGlobalIDString = 7F48696D2028EA9600ACF513;
			remoteInfo = "Hackwich #3";
		};
		7F48698E2028EA9700ACF513 /* PBXContainerItemProxy */ = {
			isa = PBXContainerItemProxy;
			containerPortal = 7F4869662028EA9600ACF513 /* Project object */;
			proxyType = 1;
			remoteGlobalIDString = 7F48696D2028EA9600ACF513;
			remoteInfo = "Hackwich #3";
		};
/* End PBXContainerItemProxy section */

/* Begin PBXFileReference section */
		7F48696E2028EA9600ACF513 /* Hackwich #3.app */ = {isa = PBXFileReference; explicitFileType = wrapper.application; includeInIndex = 0; path = "Hackwich #3.app"; sourceTree = BUILT_PRODUCTS_DIR; };
		7F4869712028EA9600ACF513 /* AppDelegate.swift */ = {isa = PBXFileReference; lastKnownFileType = sourcecode.swift; path = AppDelegate.swift; sourceTree = "<group>"; };
		7F4869732028EA9600ACF513 /* ViewController.swift */ = {isa = PBXFileReference; lastKnownFileType = sourcecode.swift; path = ViewController.swift; sourceTree = "<group>"; };
		7F4869762028EA9600ACF513 /* Base */ = {isa = PBXFileReference; lastKnownFileType = file.storyboard; name = Base; path = Base.lproj/Main.storyboard; sourceTree = "<group>"; };
		7F4869782028EA9600ACF513 /* Assets.xcassets */ = {isa = PBXFileReference; lastKnownFileType = folder.assetcatalog; path = Assets.xcassets; sourceTree = "<group>"; };
		7F48697B2028EA9600ACF513 /* Base */ = {isa = PBXFileReference; lastKnownFileType = file.storyboard; name = Base; path = Base.lproj/LaunchScreen.storyboard; sourceTree = "<group>"; };
		7F48697D2028EA9600ACF513 /* Info.plist */ = {isa = PBXFileReference; lastKnownFileType = text.plist.xml; path = Info.plist; sourceTree = "<group>"; };
		7F4869822028EA9600ACF513 /* Hackwich #3Tests.xctest */ = {isa = PBXFileReference; explicitFileType = wrapper.cfbundle; includeInIndex = 0; path = "Hackwich #3Tests.xctest"; sourceTree = BUILT_PRODUCTS_DIR; };
		7F4869862028EA9600ACF513 /* Hackwich__3Tests.swift */ = {isa = PBXFileReference; lastKnownFileType = sourcecode.swift; path = Hackwich__3Tests.swift; sourceTree = "<group>"; };
		7F4869882028EA9700ACF513 /* Info.plist */ = {isa = PBXFileReference; lastKnownFileType = text.plist.xml; path = Info.plist; sourceTree = "<group>"; };
		7F48698D2028EA9700ACF513 /* Hackwich #3UITests.xctest */ = {isa = PBXFileReference; explicitFileType = wrapper.cfbundle; includeInIndex = 0; path = "Hackwich #3UITests.xctest"; sourceTree = BUILT_PRODUCTS_DIR; };
		7F4869912028EA9700ACF513 /* Hackwich__3UITests.swift */ = {isa = PBXFileReference; lastKnownFileType = sourcecode.swift; path = Hackwich__3UITests.swift; sourceTree = "<group>"; };
		7F4869932028EA9700ACF513 /* Info.plist */ = {isa = PBXFileReference; lastKnownFileType = text.plist.xml; path = Info.plist; sourceTree = "<group>"; };
		7F48699F2028F22200ACF513 /* ViewControllerTwo.swift */ = {isa = PBXFileReference; lastKnownFileType = sourcecode.swift; path = ViewControllerTwo.swift; sourceTree = "<group>"; };
/* End PBXFileReference section */

/* Begin PBXFrameworksBuildPhase section */
		7F48696B2028EA9600ACF513 /* Frameworks */ = {
			isa = PBXFrameworksBuildPhase;
			buildActionMask = 2147483647;
			files = (
			);
			runOnlyForDeploymentPostprocessing = 0;
		};
		7F48697F2028EA9600ACF513 /* Frameworks */ = {
			isa = PBXFrameworksBuildPhase;
			buildActionMask = 2147483647;
			files = (
			);
			runOnlyForDeploymentPostprocessing = 0;
		};
		7F48698A2028EA9700ACF513 /* Frameworks */ = {
			isa = PBXFrameworksBuildPhase;
			buildActionMask = 2147483647;
			files = (
			);
			runOnlyForDeploymentPostprocessing = 0;
		};
/* End PBXFrameworksBuildPhase section */

/* Begin PBXGroup section */
		7F4869652028EA9600ACF513 = {
			isa = PBXGroup;
			children = (
				7F4869702028EA9600ACF513 /* Hackwich #3 */,
				7F4869852028EA9600ACF513 /* Hackwich #3Tests */,
				7F4869902028EA9700ACF513 /* Hackwich #3UITests */,
				7F48696F2028EA9600ACF513 /* Products */,
			);
			sourceTree = "<group>";
		};
		7F48696F2028EA9600ACF513 /* Products */ = {
			isa = PBXGroup;
			children = (
				7F48696E2028EA9600ACF513 /* Hackwich #3.app */,
				7F4869822028EA9600ACF513 /* Hackwich #3Tests.xctest */,
				7F48698D2028EA9700ACF513 /* Hackwich #3UITests.xctest */,
			);
			name = Products;
			sourceTree = "<group>";
		};
		7F4869702028EA9600ACF513 /* Hackwich #3 */ = {
			isa = PBXGroup;
			children = (
				7F4869712028EA9600ACF513 /* AppDelegate.swift */,
				7F4869732028EA9600ACF513 /* ViewController.swift */,
				7F4869752028EA9600ACF513 /* Main.storyboard */,
				7F48699F2028F22200ACF513 /* ViewControllerTwo.swift */,
				7F4869782028EA9600ACF513 /* Assets.xcassets */,
				7F48697A2028EA9600ACF513 /* LaunchScreen.storyboard */,
				7F48697D2028EA9600ACF513 /* Info.plist */,
			);
			path = "Hackwich #3";
			sourceTree = "<group>";
		};
		7F4869852028EA9600ACF513 /* Hackwich #3Tests */ = {
			isa = PBXGroup;
			children = (
				7F4869862028EA9600ACF513 /* Hackwich__3Tests.swift */,
				7F4869882028EA9700ACF513 /* Info.plist */,
			);
			path = "Hackwich #3Tests";
			sourceTree = "<group>";
		};
		7F4869902028EA9700ACF513 /* Hackwich #3UITests */ = {
			isa = PBXGroup;
			children = (
				7F4869912028EA9700ACF513 /* Hackwich__3UITests.swift */,
				7F4869932028EA9700ACF513 /* Info.plist */,
			);
			path = "Hackwich #3UITests";
			sourceTree = "<group>";
		};
/* End PBXGroup section */

/* Begin PBXNativeTarget section */
		7F48696D2028EA9600ACF513 /* Hackwich #3 */ = {
			isa = PBXNativeTarget;
			buildConfigurationList = 7F4869962028EA9700ACF513 /* Build configuration list for PBXNativeTarget "Hackwich #3" */;
			buildPhases = (
				7F48696A2028EA9600ACF513 /* Sources */,
				7F48696B2028EA9600ACF513 /* Frameworks */,
				7F48696C2028EA9600ACF513 /* Resources */,
			);
			buildRules = (
			);
			dependencies = (
			);
			name = "Hackwich #3";
			productName = "Hackwich #3";
			productReference = 7F48696E2028EA9600ACF513 /* Hackwich #3.app */;
			productType = "com.apple.product-type.application";
		};
		7F4869812028EA9600ACF513 /* Hackwich #3Tests */ = {
			isa = PBXNativeTarget;
			buildConfigurationList = 7F4869992028EA9700ACF513 /* Build configuration list for PBXNativeTarget "Hackwich #3Tests" */;
			buildPhases = (
				7F48697E2028EA9600ACF513 /* Sources */,
				7F48697F2028EA9600ACF513 /* Frameworks */,
				7F4869802028EA9600ACF513 /* Resources */,
			);
			buildRules = (
			);
			dependencies = (
				7F4869842028EA9600ACF513 /* PBXTargetDependency */,
			);
			name = "Hackwich #3Tests";
			productName = "Hackwich #3Tests";
			productReference = 7F4869822028EA9600ACF513 /* Hackwich #3Tests.xctest */;
			productType = "com.apple.product-type.bundle.unit-test";
		};
		7F48698C2028EA9700ACF513 /* Hackwich #3UITests */ = {
			isa = PBXNativeTarget;
			buildConfigurationList = 7F48699C2028EA9700ACF513 /* Build configuration list for PBXNativeTarget "Hackwich #3UITests" */;
			buildPhases = (
				7F4869892028EA9700ACF513 /* Sources */,
				7F48698A2028EA9700ACF513 /* Frameworks */,
				7F48698B2028EA9700ACF513 /* Resources */,
			);
			buildRules = (
			);
			dependencies = (
				7F48698F2028EA9700ACF513 /* PBXTargetDependency */,
			);
			name = "Hackwich #3UITests";
			productName = "Hackwich #3UITests";
			productReference = 7F48698D2028EA9700ACF513 /* Hackwich #3UITests.xctest */;
			productType = "com.apple.product-type.bundle.ui-testing";
		};
/* End PBXNativeTarget section */

/* Begin PBXProject section */
		7F4869662028EA9600ACF513 /* Project object */ = {
			isa = PBXProject;
			attributes = {
				LastSwiftUpdateCheck = 0920;
				LastUpgradeCheck = 0920;
				ORGANIZATIONNAME = "CM Student";
				TargetAttributes = {
					7F48696D2028EA9600ACF513 = {
						CreatedOnToolsVersion = 9.2;
						ProvisioningStyle = Automatic;
					};
					7F4869812028EA9600ACF513 = {
						CreatedOnToolsVersion = 9.2;
						ProvisioningStyle = Automatic;
						TestTargetID = 7F48696D2028EA9600ACF513;
					};
					7F48698C2028EA9700ACF513 = {
						CreatedOnToolsVersion = 9.2;
						ProvisioningStyle = Automatic;
						TestTargetID = 7F48696D2028EA9600ACF513;
					};
				};
			};
			buildConfigurationList = 7F4869692028EA9600ACF513 /* Build configuration list for PBXProject "Hackwich #3" */;
			compatibilityVersion = "Xcode 8.0";
			developmentRegion = en;
			hasScannedForEncodings = 0;
			knownRegions = (
				en,
				Base,
			);
			mainGroup = 7F4869652028EA9600ACF513;
			productRefGroup = 7F48696F2028EA9600ACF513 /* Products */;
			projectDirPath = "";
			projectRoot = "";
			targets = (
				7F48696D2028EA9600ACF513 /* Hackwich #3 */,
				7F4869812028EA9600ACF513 /* Hackwich #3Tests */,
				7F48698C2028EA9700ACF513 /* Hackwich #3UITests */,
			);
		};
/* End PBXProject section */

/* Begin PBXResourcesBuildPhase section */
		7F48696C2028EA9600ACF513 /* Resources */ = {
			isa = PBXResourcesBuildPhase;
			buildActionMask = 2147483647;
			files = (
				7F48697C2028EA9600ACF513 /* LaunchScreen.storyboard in Resources */,
				7F4869792028EA9600ACF513 /* Assets.xcassets in Resources */,
				7F4869772028EA9600ACF513 /* Main.storyboard in Resources */,
			);
			runOnlyForDeploymentPostprocessing = 0;
		};
		7F4869802028EA9600ACF513 /* Resources */ = {
			isa = PBXResourcesBuildPhase;
			buildActionMask = 2147483647;
			files = (
			);
			runOnlyForDeploymentPostprocessing = 0;
		};
		7F48698B2028EA9700ACF513 /* Resources */ = {
			isa = PBXResourcesBuildPhase;
			buildActionMask = 2147483647;
			files = (
			);
			runOnlyForDeploymentPostprocessing = 0;
		};
/* End PBXResourcesBuildPhase section */

/* Begin PBXSourcesBuildPhase section */
		7F48696A2028EA9600ACF513 /* Sources */ = {
			isa = PBXSourcesBuildPhase;
			buildActionMask = 2147483647;
			files = (
				7F4869742028EA9600ACF513 /* ViewController.swift in Sources */,
				7F4869722028EA9600ACF513 /* AppDelegate.swift in Sources */,
				7F4869A02028F22200ACF513 /* ViewControllerTwo.swift in Sources */,
			);
			runOnlyForDeploymentPostprocessing = 0;
		};
		7F48697E2028EA9600ACF513 /* Sources */ = {
			isa = PBXSourcesBuildPhase;
			buildActionMask = 2147483647;
			files = (
				7F4869872028EA9600ACF513 /* Hackwich__3Tests.swift in Sources */,
			);
			runOnlyForDeploymentPostprocessing = 0;
		};
		7F4869892028EA9700ACF513 /* Sources */ = {
			isa = PBXSourcesBuildPhase;
			buildActionMask = 2147483647;
			files = (
				7F4869922028EA9700ACF513 /* Hackwich__3UITests.swift in Sources */,
			);
			runOnlyForDeploymentPostprocessing = 0;
		};
/* End PBXSourcesBuildPhase section */

/* Begin PBXTargetDependency section */
		7F4869842028EA9600ACF513 /* PBXTargetDependency */ = {
			isa = PBXTargetDependency;
			target = 7F48696D2028EA9600ACF513 /* Hackwich #3 */;
			targetProxy = 7F4869832028EA9600ACF513 /* PBXContainerItemProxy */;
		};
		7F48698F2028EA9700ACF513 /* PBXTargetDependency */ = {
			isa = PBXTargetDependency;
			target = 7F48696D2028EA9600ACF513 /* Hackwich #3 */;
			targetProxy = 7F48698E2028EA9700ACF513 /* PBXContainerItemProxy */;
		};
/* End PBXTargetDependency section */

/* Begin PBXVariantGroup section */
		7F4869752028EA9600ACF513 /* Main.storyboard */ = {
			isa = PBXVariantGroup;
			children = (
				7F4869762028EA9600ACF513 /* Base */,
			);
			name = Main.storyboard;
			sourceTree = "<group>";
		};
		7F48697A2028EA9600ACF513 /* LaunchScreen.storyboard */ = {
			isa = PBXVariantGroup;
			children = (
				7F48697B2028EA9600ACF513 /* Base */,
			);
			name = LaunchScreen.storyboard;
			sourceTree = "<group>";
		};
/* End PBXVariantGroup section */

/* Begin XCBuildConfiguration section */
		7F4869942028EA9700ACF513 /* Debug */ = {
			isa = XCBuildConfiguration;
			buildSettings = {
				ALWAYS_SEARCH_USER_PATHS = NO;
				CLANG_ANALYZER_NONNULL = YES;
				CLANG_ANALYZER_NUMBER_OBJECT_CONVERSION = YES_AGGRESSIVE;
				CLANG_CXX_LANGUAGE_STANDARD = "gnu++14";
				CLANG_CXX_LIBRARY = "libc++";
				CLANG_ENABLE_MODULES = YES;
				CLANG_ENABLE_OBJC_ARC = YES;
				CLANG_WARN_BLOCK_CAPTURE_AUTORELEASING = YES;
				CLANG_WARN_BOOL_CONVERSION = YES;
				CLANG_WARN_COMMA = YES;
				CLANG_WARN_CONSTANT_CONVERSION = YES;
				CLANG_WARN_DIRECT_OBJC_ISA_USAGE = YES_ERROR;
				CLANG_WARN_DOCUMENTATION_COMMENTS = YES;
				CLANG_WARN_EMPTY_BODY = YES;
				CLANG_WARN_ENUM_CONVERSION = YES;
				CLANG_WARN_INFINITE_RECURSION = YES;
				CLANG_WARN_INT_CONVERSION = YES;
				CLANG_WARN_NON_LITERAL_NULL_CONVERSION = YES;
				CLANG_WARN_OBJC_LITERAL_CONVERSION = YES;
				CLANG_WARN_OBJC_ROOT_CLASS = YES_ERROR;
				CLANG_WARN_RANGE_LOOP_ANALYSIS = YES;
				CLANG_WARN_STRICT_PROTOTYPES = YES;
				CLANG_WARN_SUSPICIOUS_MOVE = YES;
				CLANG_WARN_UNGUARDED_AVAILABILITY = YES_AGGRESSIVE;
				CLANG_WARN_UNREACHABLE_CODE = YES;
				CLANG_WARN__DUPLICATE_METHOD_MATCH = YES;
				CODE_SIGN_IDENTITY = "iPhone Developer";
				COPY_PHASE_STRIP = NO;
				DEBUG_INFORMATION_FORMAT = dwarf;
				ENABLE_STRICT_OBJC_MSGSEND = YES;
				ENABLE_TESTABILITY = YES;
				GCC_C_LANGUAGE_STANDARD = gnu11;
				GCC_DYNAMIC_NO_PIC = NO;
				GCC_NO_COMMON_BLOCKS = YES;
				GCC_OPTIMIZATION_LEVEL = 0;
				GCC_PREPROCESSOR_DEFINITIONS = (
					"DEBUG=1",
					"$(inherited)",
				);
				GCC_WARN_64_TO_32_BIT_CONVERSION = YES;
				GCC_WARN_ABOUT_RETURN_TYPE = YES_ERROR;
				GCC_WARN_UNDECLARED_SELECTOR = YES;
				GCC_WARN_UNINITIALIZED_AUTOS = YES_AGGRESSIVE;
				GCC_WARN_UNUSED_FUNCTION = YES;
				GCC_WARN_UNUSED_VARIABLE = YES;
				IPHONEOS_DEPLOYMENT_TARGET = 11.2;
				MTL_ENABLE_DEBUG_INFO = YES;
				ONLY_ACTIVE_ARCH = YES;
				SDKROOT = iphoneos;
				SWIFT_ACTIVE_COMPILATION_CONDITIONS = DEBUG;
				SWIFT_OPTIMIZATION_LEVEL = "-Onone";
			};
			name = Debug;
		};
		7F4869952028EA9700ACF513 /* Release */ = {
			isa = XCBuildConfiguration;
			buildSettings = {
				ALWAYS_SEARCH_USER_PATHS = NO;
				CLANG_ANALYZER_NONNULL = YES;
				CLANG_ANALYZER_NUMBER_OBJECT_CONVERSION = YES_AGGRESSIVE;
				CLANG_CXX_LANGUAGE_STANDARD = "gnu++14";
				CLANG_CXX_LIBRARY = "libc++";
				CLANG_ENABLE_MODULES = YES;
				CLANG_ENABLE_OBJC_ARC = YES;
				CLANG_WARN_BLOCK_CAPTURE_AUTORELEASING = YES;
				CLANG_WARN_BOOL_CONVERSION = YES;
				CLANG_WARN_COMMA = YES;
				CLANG_WARN_CONSTANT_CONVERSION = YES;
				CLANG_WARN_DIRECT_OBJC_ISA_USAGE = YES_ERROR;
				CLANG_WARN_DOCUMENTATION_COMMENTS = YES;
				CLANG_WARN_EMPTY_BODY = YES;
				CLANG_WARN_ENUM_CONVERSION = YES;
				CLANG_WARN_INFINITE_RECURSION = YES;
				CLANG_WARN_INT_CONVERSION = YES;
				CLANG_WARN_NON_LITERAL_NULL_CONVERSION = YES;
				CLANG_WARN_OBJC_LITERAL_CONVERSION = YES;
				CLANG_WARN_OBJC_ROOT_CLASS = YES_ERROR;
				CLANG_WARN_RANGE_LOOP_ANALYSIS = YES;
				CLANG_WARN_STRICT_PROTOTYPES = YES;
				CLANG_WARN_SUSPICIOUS_MOVE = YES;
				CLANG_WARN_UNGUARDED_AVAILABILITY = YES_AGGRESSIVE;
				CLANG_WARN_UNREACHABLE_CODE = YES;
				CLANG_WARN__DUPLICATE_METHOD_MATCH = YES;
				CODE_SIGN_IDENTITY = "iPhone Developer";
				COPY_PHASE_STRIP = NO;
				DEBUG_INFORMATION_FORMAT = "dwarf-with-dsym";
				ENABLE_NS_ASSERTIONS = NO;
				ENABLE_STRICT_OBJC_MSGSEND = YES;
				GCC_C_LANGUAGE_STANDARD = gnu11;
				GCC_NO_COMMON_BLOCKS = YES;
				GCC_WARN_64_TO_32_BIT_CONVERSION = YES;
				GCC_WARN_ABOUT_RETURN_TYPE = YES_ERROR;
				GCC_WARN_UNDECLARED_SELECTOR = YES;
				GCC_WARN_UNINITIALIZED_AUTOS = YES_AGGRESSIVE;
				GCC_WARN_UNUSED_FUNCTION = YES;
				GCC_WARN_UNUSED_VARIABLE = YES;
				IPHONEOS_DEPLOYMENT_TARGET = 11.2;
				MTL_ENABLE_DEBUG_INFO = NO;
				SDKROOT = iphoneos;
				SWIFT_OPTIMIZATION_LEVEL = "-Owholemodule";
				VALIDATE_PRODUCT = YES;
			};
			name = Release;
		};
		7F4869972028EA9700ACF513 /* Debug */ = {
			isa = XCBuildConfiguration;
			buildSettings = {
				ASSETCATALOG_COMPILER_APPICON_NAME = AppIcon;
				CODE_SIGN_STYLE = Automatic;
				DEVELOPMENT_TEAM = "";
				INFOPLIST_FILE = "Hackwich #3/Info.plist";
				LD_RUNPATH_SEARCH_PATHS = "$(inherited) @executable_path/Frameworks";
				PRODUCT_BUNDLE_IDENTIFIER = "KaiMora.Hackwich--3";
				PRODUCT_NAME = "$(TARGET_NAME)";
				SWIFT_VERSION = 4.0;
				TARGETED_DEVICE_FAMILY = "1,2";
			};
			name = Debug;
		};
		7F4869982028EA9700ACF513 /* Release */ = {
			isa = XCBuildConfiguration;
			buildSettings = {
				ASSETCATALOG_COMPILER_APPICON_NAME = AppIcon;
				CODE_SIGN_STYLE = Automatic;
				DEVELOPMENT_TEAM = "";
				INFOPLIST_FILE = "Hackwich #3/Info.plist";
				LD_RUNPATH_SEARCH_PATHS = "$(inherited) @executable_path/Frameworks";
				PRODUCT_BUNDLE_IDENTIFIER = "KaiMora.Hackwich--3";
				PRODUCT_NAME = "$(TARGET_NAME)";
				SWIFT_VERSION = 4.0;
				TARGETED_DEVICE_FAMILY = "1,2";
			};
			name = Release;
		};
		7F48699A2028EA9700ACF513 /* Debug */ = {
			isa = XCBuildConfiguration;
			buildSettings = {
				ALWAYS_EMBED_SWIFT_STANDARD_LIBRARIES = YES;
				BUNDLE_LOADER = "$(TEST_HOST)";
				CODE_SIGN_STYLE = Automatic;
				INFOPLIST_FILE = "Hackwich #3Tests/Info.plist";
				LD_RUNPATH_SEARCH_PATHS = "$(inherited) @executable_path/Frameworks @loader_path/Frameworks";
				PRODUCT_BUNDLE_IDENTIFIER = "KaiMora.Hackwich--3Tests";
				PRODUCT_NAME = "$(TARGET_NAME)";
				SWIFT_VERSION = 4.0;
				TARGETED_DEVICE_FAMILY = "1,2";
				TEST_HOST = "$(BUILT_PRODUCTS_DIR)/Hackwich #3.app/Hackwich #3";
			};
			name = Debug;
		};
		7F48699B2028EA9700ACF513 /* Release */ = {
			isa = XCBuildConfiguration;
			buildSettings = {
				ALWAYS_EMBED_SWIFT_STANDARD_LIBRARIES = YES;
				BUNDLE_LOADER = "$(TEST_HOST)";
				CODE_SIGN_STYLE = Automatic;
				INFOPLIST_FILE = "Hackwich #3Tests/Info.plist";
				LD_RUNPATH_SEARCH_PATHS = "$(inherited) @executable_path/Frameworks @loader_path/Frameworks";
				PRODUCT_BUNDLE_IDENTIFIER = "KaiMora.Hackwich--3Tests";
				PRODUCT_NAME = "$(TARGET_NAME)";
				SWIFT_VERSION = 4.0;
				TARGETED_DEVICE_FAMILY = "1,2";
				TEST_HOST = "$(BUILT_PRODUCTS_DIR)/Hackwich #3.app/Hackwich #3";
			};
			name = Release;
		};
		7F48699D2028EA9700ACF513 /* Debug */ = {
			isa = XCBuildConfiguration;
			buildSettings = {
				ALWAYS_EMBED_SWIFT_STANDARD_LIBRARIES = YES;
				CODE_SIGN_STYLE = Automatic;
				INFOPLIST_FILE = "Hackwich #3UITests/Info.plist";
				LD_RUNPATH_SEARCH_PATHS = "$(inherited) @executable_path/Frameworks @loader_path/Frameworks";
				PRODUCT_BUNDLE_IDENTIFIER = "KaiMora.Hackwich--3UITests";
				PRODUCT_NAME = "$(TARGET_NAME)";
				SWIFT_VERSION = 4.0;
				TARGETED_DEVICE_FAMILY = "1,2";
				TEST_TARGET_NAME = "Hackwich #3";
			};
			name = Debug;
		};
		7F48699E2028EA9700ACF513 /* Release */ = {
			isa = XCBuildConfiguration;
			buildSettings = {
				ALWAYS_EMBED_SWIFT_STANDARD_LIBRARIES = YES;
				CODE_SIGN_STYLE = Automatic;
				INFOPLIST_FILE = "Hackwich #3UITests/Info.plist";
				LD_RUNPATH_SEARCH_PATHS = "$(inherited) @executable_path/Frameworks @loader_path/Frameworks";
				PRODUCT_BUNDLE_IDENTIFIER = "KaiMora.Hackwich--3UITests";
				PRODUCT_NAME = "$(TARGET_NAME)";
				SWIFT_VERSION = 4.0;
				TARGETED_DEVICE_FAMILY = "1,2";
				TEST_TARGET_NAME = "Hackwich #3";
			};
			name = Release;
		};
/* End XCBuildConfiguration section */

/* Begin XCConfigurationList section */
		7F4869692028EA9600ACF513 /* Build configuration list for PBXProject "Hackwich #3" */ = {
			isa = XCConfigurationList;
			buildConfigurations = (
				7F4869942028EA9700ACF513 /* Debug */,
				7F4869952028EA9700ACF513 /* Release */,
			);
			defaultConfigurationIsVisible = 0;
			defaultConfigurationName = Release;
		};
		7F4869962028EA9700ACF513 /* Build configuration list for PBXNativeTarget "Hackwich #3" */ = {
			isa = XCConfigurationList;
			buildConfigurations = (
				7F4869972028EA9700ACF513 /* Debug */,
				7F4869982028EA9700ACF513 /* Release */,
			);
			defaultConfigurationIsVisible = 0;
			defaultConfigurationName = Release;
		};
		7F4869992028EA9700ACF513 /* Build configuration list for PBXNativeTarget "Hackwich #3Tests" */ = {
			isa = XCConfigurationList;
			buildConfigurations = (
				7F48699A2028EA9700ACF513 /* Debug */,
				7F48699B2028EA9700ACF513 /* Release */,
			);
			defaultConfigurationIsVisible = 0;
			defaultConfigurationName = Release;
		};
		7F48699C2028EA9700ACF513 /* Build configuration list for PBXNativeTarget "Hackwich #3UITests" */ = {
			isa = XCConfigurationList;
			buildConfigurations = (
				7F48699D2028EA9700ACF513 /* Debug */,
				7F48699E2028EA9700ACF513 /* Release */,
			);
			defaultConfigurationIsVisible = 0;
			defaultConfigurationName = Release;
		};
/* End XCConfigurationList section */
	};
	rootObject = 7F4869662028EA9600ACF513 /* Project object */;
}
